// !$*UTF8*$!
{
	archiveVersion = 1;
	classes = {
	};
	objectVersion = 46;
	objects = {

/* Begin PBXBuildFile section */
		F463E7B01BFDDB4F007015D2 /* main.m in Sources */ = {isa = PBXBuildFile; fileRef = F463E7AF1BFDDB4F007015D2 /* main.m */; };
		F463E7B31BFDDB4F007015D2 /* AppDelegate.m in Sources */ = {isa = PBXBuildFile; fileRef = F463E7B21BFDDB4F007015D2 /* AppDelegate.m */; };
		F463E7B61BFDDB4F007015D2 /* ViewController.m in Sources */ = {isa = PBXBuildFile; fileRef = F463E7B51BFDDB4F007015D2 /* ViewController.m */; };
		F463E7B91BFDDB4F007015D2 /* Main.storyboard in Resources */ = {isa = PBXBuildFile; fileRef = F463E7B71BFDDB4F007015D2 /* Main.storyboard */; };
		F463E7BE1BFDDB4F007015D2 /* Assets.xcassets in Resources */ = {isa = PBXBuildFile; fileRef = F463E7BD1BFDDB4F007015D2 /* Assets.xcassets */; };
		F463E7C11BFDDB4F007015D2 /* LaunchScreen.storyboard in Resources */ = {isa = PBXBuildFile; fileRef = F463E7BF1BFDDB4F007015D2 /* LaunchScreen.storyboard */; };
		F463E7CC1BFDDB4F007015D2 /* DateUnixTimeTests.m in Sources */ = {isa = PBXBuildFile; fileRef = F463E7CB1BFDDB4F007015D2 /* DateUnixTimeTests.m */; };
		F463E7D71BFDDB4F007015D2 /* DateUnixTimeUITests.m in Sources */ = {isa = PBXBuildFile; fileRef = F463E7D61BFDDB4F007015D2 /* DateUnixTimeUITests.m */; };
		F463E7E71BFDDBCC007015D2 /* DateUnixTime.m in Sources */ = {isa = PBXBuildFile; fileRef = F463E7E61BFDDBCC007015D2 /* DateUnixTime.m */; };
/* End PBXBuildFile section */

/* Begin PBXContainerItemProxy section */
		F463E7C81BFDDB4F007015D2 /* PBXContainerItemProxy */ = {
			isa = PBXContainerItemProxy;
			containerPortal = F463E7A31BFDDB4F007015D2 /* Project object */;
			proxyType = 1;
			remoteGlobalIDString = F463E7AA1BFDDB4F007015D2;
			remoteInfo = DateUnixTime;
		};
		F463E7D31BFDDB4F007015D2 /* PBXContainerItemProxy */ = {
			isa = PBXContainerItemProxy;
			containerPortal = F463E7A31BFDDB4F007015D2 /* Project object */;
			proxyType = 1;
			remoteGlobalIDString = F463E7AA1BFDDB4F007015D2;
			remoteInfo = DateUnixTime;
		};
/* End PBXContainerItemProxy section */

/* Begin PBXFileReference section */
		F463E7AB1BFDDB4F007015D2 /* DateUnixTime.app */ = {isa = PBXFileReference; explicitFileType = wrapper.application; includeInIndex = 0; path = DateUnixTime.app; sourceTree = BUILT_PRODUCTS_DIR; };
		F463E7AF1BFDDB4F007015D2 /* main.m */ = {isa = PBXFileReference; lastKnownFileType = sourcecode.c.objc; path = main.m; sourceTree = "<group>"; };
		F463E7B11BFDDB4F007015D2 /* AppDelegate.h */ = {isa = PBXFileReference; lastKnownFileType = sourcecode.c.h; path = AppDelegate.h; sourceTree = "<group>"; };
		F463E7B21BFDDB4F007015D2 /* AppDelegate.m */ = {isa = PBXFileReference; lastKnownFileType = sourcecode.c.objc; path = AppDelegate.m; sourceTree = "<group>"; };
		F463E7B41BFDDB4F007015D2 /* ViewController.h */ = {isa = PBXFileReference; lastKnownFileType = sourcecode.c.h; path = ViewController.h; sourceTree = "<group>"; };
		F463E7B51BFDDB4F007015D2 /* ViewController.m */ = {isa = PBXFileReference; lastKnownFileType = sourcecode.c.objc; path = ViewController.m; sourceTree = "<group>"; };
		F463E7B81BFDDB4F007015D2 /* Base */ = {isa = PBXFileReference; lastKnownFileType = file.storyboard; name = Base; path = Base.lproj/Main.storyboard; sourceTree = "<group>"; };
		F463E7BD1BFDDB4F007015D2 /* Assets.xcassets */ = {isa = PBXFileReference; lastKnownFileType = folder.assetcatalog; path = Assets.xcassets; sourceTree = "<group>"; };
		F463E7C01BFDDB4F007015D2 /* Base */ = {isa = PBXFileReference; lastKnownFileType = file.storyboard; name = Base; path = Base.lproj/LaunchScreen.storyboard; sourceTree = "<group>"; };
		F463E7C21BFDDB4F007015D2 /* Info.plist */ = {isa = PBXFileReference; lastKnownFileType = text.plist.xml; path = Info.plist; sourceTree = "<group>"; };
		F463E7C71BFDDB4F007015D2 /* DateUnixTimeTests.xctest */ = {isa = PBXFileReference; explicitFileType = wrapper.cfbundle; includeInIndex = 0; path = DateUnixTimeTests.xctest; sourceTree = BUILT_PRODUCTS_DIR; };
		F463E7CB1BFDDB4F007015D2 /* DateUnixTimeTests.m */ = {isa = PBXFileReference; lastKnownFileType = sourcecode.c.objc; path = DateUnixTimeTests.m; sourceTree = "<group>"; };
		F463E7CD1BFDDB4F007015D2 /* Info.plist */ = {isa = PBXFileReference; lastKnownFileType = text.plist.xml; path = Info.plist; sourceTree = "<group>"; };
		F463E7D21BFDDB4F007015D2 /* DateUnixTimeUITests.xctest */ = {isa = PBXFileReference; explicitFileType = wrapper.cfbundle; includeInIndex = 0; path = DateUnixTimeUITests.xctest; sourceTree = BUILT_PRODUCTS_DIR; };
		F463E7D61BFDDB4F007015D2 /* DateUnixTimeUITests.m */ = {isa = PBXFileReference; lastKnownFileType = sourcecode.c.objc; path = DateUnixTimeUITests.m; sourceTree = "<group>"; };
		F463E7D81BFDDB4F007015D2 /* Info.plist */ = {isa = PBXFileReference; lastKnownFileType = text.plist.xml; path = Info.plist; sourceTree = "<group>"; };
		F463E7E51BFDDBCC007015D2 /* DateUnixTime.h */ = {isa = PBXFileReference; fileEncoding = 4; lastKnownFileType = sourcecode.c.h; path = DateUnixTime.h; sourceTree = "<group>"; };
		F463E7E61BFDDBCC007015D2 /* DateUnixTime.m */ = {isa = PBXFileReference; fileEncoding = 4; lastKnownFileType = sourcecode.c.objc; path = DateUnixTime.m; sourceTree = "<group>"; };
/* End PBXFileReference section */

/* Begin PBXFrameworksBuildPhase section */
		F463E7A81BFDDB4F007015D2 /* Frameworks */ = {
			isa = PBXFrameworksBuildPhase;
			buildActionMask = 2147483647;
			files = (
			);
			runOnlyForDeploymentPostprocessing = 0;
		};
		F463E7C41BFDDB4F007015D2 /* Frameworks */ = {
			isa = PBXFrameworksBuildPhase;
			buildActionMask = 2147483647;
			files = (
			);
			runOnlyForDeploymentPostprocessing = 0;
		};
		F463E7CF1BFDDB4F007015D2 /* Frameworks */ = {
			isa = PBXFrameworksBuildPhase;
			buildActionMask = 2147483647;
			files = (
			);
			runOnlyForDeploymentPostprocessing = 0;
		};
/* End PBXFrameworksBuildPhase section */

/* Begin PBXGroup section */
		F463E7A21BFDDB4F007015D2 = {
			isa = PBXGroup;
			children = (
				F463E7E41BFDDBAC007015D2 /* PEAR-DateUnixTime-iOS */,
				F463E7AD1BFDDB4F007015D2 /* DateUnixTime */,
				F463E7CA1BFDDB4F007015D2 /* DateUnixTimeTests */,
				F463E7D51BFDDB4F007015D2 /* DateUnixTimeUITests */,
				F463E7AC1BFDDB4F007015D2 /* Products */,
			);
			sourceTree = "<group>";
		};
		F463E7AC1BFDDB4F007015D2 /* Products */ = {
			isa = PBXGroup;
			children = (
				F463E7AB1BFDDB4F007015D2 /* DateUnixTime.app */,
				F463E7C71BFDDB4F007015D2 /* DateUnixTimeTests.xctest */,
				F463E7D21BFDDB4F007015D2 /* DateUnixTimeUITests.xctest */,
			);
			name = Products;
			sourceTree = "<group>";
		};
		F463E7AD1BFDDB4F007015D2 /* DateUnixTime */ = {
			isa = PBXGroup;
			children = (
				F463E7B11BFDDB4F007015D2 /* AppDelegate.h */,
				F463E7B21BFDDB4F007015D2 /* AppDelegate.m */,
				F463E7B41BFDDB4F007015D2 /* ViewController.h */,
				F463E7B51BFDDB4F007015D2 /* ViewController.m */,
				F463E7B71BFDDB4F007015D2 /* Main.storyboard */,
				F463E7BD1BFDDB4F007015D2 /* Assets.xcassets */,
				F463E7BF1BFDDB4F007015D2 /* LaunchScreen.storyboard */,
				F463E7C21BFDDB4F007015D2 /* Info.plist */,
				F463E7AE1BFDDB4F007015D2 /* Supporting Files */,
			);
			path = DateUnixTime;
			sourceTree = "<group>";
		};
		F463E7AE1BFDDB4F007015D2 /* Supporting Files */ = {
			isa = PBXGroup;
			children = (
				F463E7AF1BFDDB4F007015D2 /* main.m */,
			);
			name = "Supporting Files";
			sourceTree = "<group>";
		};
		F463E7CA1BFDDB4F007015D2 /* DateUnixTimeTests */ = {
			isa = PBXGroup;
			children = (
				F463E7CB1BFDDB4F007015D2 /* DateUnixTimeTests.m */,
				F463E7CD1BFDDB4F007015D2 /* Info.plist */,
			);
			path = DateUnixTimeTests;
			sourceTree = "<group>";
		};
		F463E7D51BFDDB4F007015D2 /* DateUnixTimeUITests */ = {
			isa = PBXGroup;
			children = (
				F463E7D61BFDDB4F007015D2 /* DateUnixTimeUITests.m */,
				F463E7D81BFDDB4F007015D2 /* Info.plist */,
			);
			path = DateUnixTimeUITests;
			sourceTree = "<group>";
		};
		F463E7E41BFDDBAC007015D2 /* PEAR-DateUnixTime-iOS */ = {
			isa = PBXGroup;
			children = (
				F463E7E51BFDDBCC007015D2 /* DateUnixTime.h */,
				F463E7E61BFDDBCC007015D2 /* DateUnixTime.m */,
			);
			path = "PEAR-DateUnixTime-iOS";
			sourceTree = "<group>";
		};
/* End PBXGroup section */

/* Begin PBXNativeTarget section */
		F463E7AA1BFDDB4F007015D2 /* DateUnixTime */ = {
			isa = PBXNativeTarget;
			buildConfigurationList = F463E7DB1BFDDB4F007015D2 /* Build configuration list for PBXNativeTarget "DateUnixTime" */;
			buildPhases = (
				F463E7A71BFDDB4F007015D2 /* Sources */,
				F463E7A81BFDDB4F007015D2 /* Frameworks */,
				F463E7A91BFDDB4F007015D2 /* Resources */,
			);
			buildRules = (
			);
			dependencies = (
			);
			name = DateUnixTime;
			productName = DateUnixTime;
			productReference = F463E7AB1BFDDB4F007015D2 /* DateUnixTime.app */;
			productType = "com.apple.product-type.application";
		};
		F463E7C61BFDDB4F007015D2 /* DateUnixTimeTests */ = {
			isa = PBXNativeTarget;
			buildConfigurationList = F463E7DE1BFDDB4F007015D2 /* Build configuration list for PBXNativeTarget "DateUnixTimeTests" */;
			buildPhases = (
				F463E7C31BFDDB4F007015D2 /* Sources */,
				F463E7C41BFDDB4F007015D2 /* Frameworks */,
				F463E7C51BFDDB4F007015D2 /* Resources */,
			);
			buildRules = (
			);
			dependencies = (
				F463E7C91BFDDB4F007015D2 /* PBXTargetDependency */,
			);
			name = DateUnixTimeTests;
			productName = DateUnixTimeTests;
			productReference = F463E7C71BFDDB4F007015D2 /* DateUnixTimeTests.xctest */;
			productType = "com.apple.product-type.bundle.unit-test";
		};
		F463E7D11BFDDB4F007015D2 /* DateUnixTimeUITests */ = {
			isa = PBXNativeTarget;
			buildConfigurationList = F463E7E11BFDDB4F007015D2 /* Build configuration list for PBXNativeTarget "DateUnixTimeUITests" */;
			buildPhases = (
				F463E7CE1BFDDB4F007015D2 /* Sources */,
				F463E7CF1BFDDB4F007015D2 /* Frameworks */,
				F463E7D01BFDDB4F007015D2 /* Resources */,
			);
			buildRules = (
			);
			dependencies = (
				F463E7D41BFDDB4F007015D2 /* PBXTargetDependency */,
			);
			name = DateUnixTimeUITests;
			productName = DateUnixTimeUITests;
			productReference = F463E7D21BFDDB4F007015D2 /* DateUnixTimeUITests.xctest */;
			productType = "com.apple.product-type.bundle.ui-testing";
		};
/* End PBXNativeTarget section */

/* Begin PBXProject section */
		F463E7A31BFDDB4F007015D2 /* Project object */ = {
			isa = PBXProject;
			attributes = {
				LastUpgradeCheck = 0710;
				ORGANIZATIONNAME = hirokiumatani;
				TargetAttributes = {
					F463E7AA1BFDDB4F007015D2 = {
						CreatedOnToolsVersion = 7.1;
						DevelopmentTeam = XE4E546GZY;
					};
					F463E7C61BFDDB4F007015D2 = {
						CreatedOnToolsVersion = 7.1;
						DevelopmentTeam = XE4E546GZY;
						TestTargetID = F463E7AA1BFDDB4F007015D2;
					};
					F463E7D11BFDDB4F007015D2 = {
						CreatedOnToolsVersion = 7.1;
						DevelopmentTeam = XE4E546GZY;
						TestTargetID = F463E7AA1BFDDB4F007015D2;
					};
				};
			};
			buildConfigurationList = F463E7A61BFDDB4F007015D2 /* Build configuration list for PBXProject "DateUnixTime" */;
			compatibilityVersion = "Xcode 3.2";
			developmentRegion = English;
			hasScannedForEncodings = 0;
			knownRegions = (
				en,
				Base,
			);
			mainGroup = F463E7A21BFDDB4F007015D2;
			productRefGroup = F463E7AC1BFDDB4F007015D2 /* Products */;
			projectDirPath = "";
			projectRoot = "";
			targets = (
				F463E7AA1BFDDB4F007015D2 /* DateUnixTime */,
				F463E7C61BFDDB4F007015D2 /* DateUnixTimeTests */,
				F463E7D11BFDDB4F007015D2 /* DateUnixTimeUITests */,
			);
		};
/* End PBXProject section */

/* Begin PBXResourcesBuildPhase section */
		F463E7A91BFDDB4F007015D2 /* Resources */ = {
			isa = PBXResourcesBuildPhase;
			buildActionMask = 2147483647;
			files = (
				F463E7C11BFDDB4F007015D2 /* LaunchScreen.storyboard in Resources */,
				F463E7BE1BFDDB4F007015D2 /* Assets.xcassets in Resources */,
				F463E7B91BFDDB4F007015D2 /* Main.storyboard in Resources */,
			);
			runOnlyForDeploymentPostprocessing = 0;
		};
		F463E7C51BFDDB4F007015D2 /* Resources */ = {
			isa = PBXResourcesBuildPhase;
			buildActionMask = 2147483647;
			files = (
			);
			runOnlyForDeploymentPostprocessing = 0;
		};
		F463E7D01BFDDB4F007015D2 /* Resources */ = {
			isa = PBXResourcesBuildPhase;
			buildActionMask = 2147483647;
			files = (
			);
			runOnlyForDeploymentPostprocessing = 0;
		};
/* End PBXResourcesBuildPhase section */

/* Begin PBXSourcesBuildPhase section */
		F463E7A71BFDDB4F007015D2 /* Sources */ = {
			isa = PBXSourcesBuildPhase;
			buildActionMask = 2147483647;
			files = (
				F463E7B61BFDDB4F007015D2 /* ViewController.m in Sources */,
				F463E7B31BFDDB4F007015D2 /* AppDelegate.m in Sources */,
				F463E7E71BFDDBCC007015D2 /* DateUnixTime.m in Sources */,
				F463E7B01BFDDB4F007015D2 /* main.m in Sources */,
			);
			runOnlyForDeploymentPostprocessing = 0;
		};
		F463E7C31BFDDB4F007015D2 /* Sources */ = {
			isa = PBXSourcesBuildPhase;
			buildActionMask = 2147483647;
			files = (
				F463E7CC1BFDDB4F007015D2 /* DateUnixTimeTests.m in Sources */,
			);
			runOnlyForDeploymentPostprocessing = 0;
		};
		F463E7CE1BFDDB4F007015D2 /* Sources */ = {
			isa = PBXSourcesBuildPhase;
			buildActionMask = 2147483647;
			files = (
				F463E7D71BFDDB4F007015D2 /* DateUnixTimeUITests.m in Sources */,
			);
			runOnlyForDeploymentPostprocessing = 0;
		};
/* End PBXSourcesBuildPhase section */

/* Begin PBXTargetDependency section */
		F463E7C91BFDDB4F007015D2 /* PBXTargetDependency */ = {
			isa = PBXTargetDependency;
			target = F463E7AA1BFDDB4F007015D2 /* DateUnixTime */;
			targetProxy = F463E7C81BFDDB4F007015D2 /* PBXContainerItemProxy */;
		};
		F463E7D41BFDDB4F007015D2 /* PBXTargetDependency */ = {
			isa = PBXTargetDependency;
			target = F463E7AA1BFDDB4F007015D2 /* DateUnixTime */;
			targetProxy = F463E7D31BFDDB4F007015D2 /* PBXContainerItemProxy */;
		};
/* End PBXTargetDependency section */

/* Begin PBXVariantGroup section */
		F463E7B71BFDDB4F007015D2 /* Main.storyboard */ = {
			isa = PBXVariantGroup;
			children = (
				F463E7B81BFDDB4F007015D2 /* Base */,
			);
			name = Main.storyboard;
			sourceTree = "<group>";
		};
		F463E7BF1BFDDB4F007015D2 /* LaunchScreen.storyboard */ = {
			isa = PBXVariantGroup;
			children = (
				F463E7C01BFDDB4F007015D2 /* Base */,
			);
			name = LaunchScreen.storyboard;
			sourceTree = "<group>";
		};
/* End PBXVariantGroup section */

/* Begin XCBuildConfiguration section */
		F463E7D91BFDDB4F007015D2 /* Debug */ = {
			isa = XCBuildConfiguration;
			buildSettings = {
				ALWAYS_SEARCH_USER_PATHS = NO;
				CLANG_CXX_LANGUAGE_STANDARD = "gnu++0x";
				CLANG_CXX_LIBRARY = "libc++";
				CLANG_ENABLE_MODULES = YES;
				CLANG_ENABLE_OBJC_ARC = YES;
				CLANG_WARN_BOOL_CONVERSION = YES;
				CLANG_WARN_CONSTANT_CONVERSION = YES;
				CLANG_WARN_DIRECT_OBJC_ISA_USAGE = YES_ERROR;
				CLANG_WARN_EMPTY_BODY = YES;
				CLANG_WARN_ENUM_CONVERSION = YES;
				CLANG_WARN_INT_CONVERSION = YES;
				CLANG_WARN_OBJC_ROOT_CLASS = YES_ERROR;
				CLANG_WARN_UNREACHABLE_CODE = YES;
				CLANG_WARN__DUPLICATE_METHOD_MATCH = YES;
				"CODE_SIGN_IDENTITY[sdk=iphoneos*]" = "iPhone Developer";
				COPY_PHASE_STRIP = NO;
				DEBUG_INFORMATION_FORMAT = dwarf;
				ENABLE_STRICT_OBJC_MSGSEND = YES;
				ENABLE_TESTABILITY = YES;
				GCC_C_LANGUAGE_STANDARD = gnu99;
				GCC_DYNAMIC_NO_PIC = NO;
				GCC_NO_COMMON_BLOCKS = YES;
				GCC_OPTIMIZATION_LEVEL = 0;
				GCC_PREPROCESSOR_DEFINITIONS = (
					"DEBUG=1",
					"$(inherited)",
				);
				GCC_WARN_64_TO_32_BIT_CONVERSION = YES;
				GCC_WARN_ABOUT_RETURN_TYPE = YES_ERROR;
				GCC_WARN_UNDECLARED_SELECTOR = YES;
				GCC_WARN_UNINITIALIZED_AUTOS = YES_AGGRESSIVE;
				GCC_WARN_UNUSED_FUNCTION = YES;
				GCC_WARN_UNUSED_VARIABLE = YES;
				IPHONEOS_DEPLOYMENT_TARGET = 9.1;
				MTL_ENABLE_DEBUG_INFO = YES;
				ONLY_ACTIVE_ARCH = YES;
				SDKROOT = iphoneos;
				TARGETED_DEVICE_FAMILY = "1,2";
			};
			name = Debug;
		};
		F463E7DA1BFDDB4F007015D2 /* Release */ = {
			isa = XCBuildConfiguration;
			buildSettings = {
				ALWAYS_SEARCH_USER_PATHS = NO;
				CLANG_CXX_LANGUAGE_STANDARD = "gnu++0x";
				CLANG_CXX_LIBRARY = "libc++";
				CLANG_ENABLE_MODULES = YES;
				CLANG_ENABLE_OBJC_ARC = YES;
				CLANG_WARN_BOOL_CONVERSION = YES;
				CLANG_WARN_CONSTANT_CONVERSION = YES;
				CLANG_WARN_DIRECT_OBJC_ISA_USAGE = YES_ERROR;
				CLANG_WARN_EMPTY_BODY = YES;
				CLANG_WARN_ENUM_CONVERSION = YES;
				CLANG_WARN_INT_CONVERSION = YES;
				CLANG_WARN_OBJC_ROOT_CLASS = YES_ERROR;
				CLANG_WARN_UNREACHABLE_CODE = YES;
				CLANG_WARN__DUPLICATE_METHOD_MATCH = YES;
				"CODE_SIGN_IDENTITY[sdk=iphoneos*]" = "iPhone Developer";
				COPY_PHASE_STRIP = NO;
				DEBUG_INFORMATION_FORMAT = "dwarf-with-dsym";
				ENABLE_NS_ASSERTIONS = NO;
				ENABLE_STRICT_OBJC_MSGSEND = YES;
				GCC_C_LANGUAGE_STANDARD = gnu99;
				GCC_NO_COMMON_BLOCKS = YES;
				GCC_WARN_64_TO_32_BIT_CONVERSION = YES;
				GCC_WARN_ABOUT_RETURN_TYPE = YES_ERROR;
				GCC_WARN_UNDECLARED_SELECTOR = YES;
				GCC_WARN_UNINITIALIZED_AUTOS = YES_AGGRESSIVE;
				GCC_WARN_UNUSED_FUNCTION = YES;
				GCC_WARN_UNUSED_VARIABLE = YES;
				IPHONEOS_DEPLOYMENT_TARGET = 9.1;
				MTL_ENABLE_DEBUG_INFO = NO;
				SDKROOT = iphoneos;
				TARGETED_DEVICE_FAMILY = "1,2";
				VALIDATE_PRODUCT = YES;
			};
			name = Release;
		};
		F463E7DC1BFDDB4F007015D2 /* Debug */ = {
			isa = XCBuildConfiguration;
			buildSettings = {
				ASSETCATALOG_COMPILER_APPICON_NAME = AppIcon;
				INFOPLIST_FILE = DateUnixTime/Info.plist;
				LD_RUNPATH_SEARCH_PATHS = "$(inherited) @executable_path/Frameworks";
				PRODUCT_BUNDLE_IDENTIFIER = kari.jp.co.hirokiumatani.DateUnixTime;
				PRODUCT_NAME = "$(TARGET_NAME)";
			};
			name = Debug;
		};
		F463E7DD1BFDDB4F007015D2 /* Release */ = {
			isa = XCBuildConfiguration;
			buildSettings = {
				ASSETCATALOG_COMPILER_APPICON_NAME = AppIcon;
				INFOPLIST_FILE = DateUnixTime/Info.plist;
				LD_RUNPATH_SEARCH_PATHS = "$(inherited) @executable_path/Frameworks";
				PRODUCT_BUNDLE_IDENTIFIER = kari.jp.co.hirokiumatani.DateUnixTime;
				PRODUCT_NAME = "$(TARGET_NAME)";
			};
			name = Release;
		};
		F463E7DF1BFDDB4F007015D2 /* Debug */ = {
			isa = XCBuildConfiguration;
			buildSettings = {
				BUNDLE_LOADER = "$(TEST_HOST)";
				INFOPLIST_FILE = DateUnixTimeTests/Info.plist;
				LD_RUNPATH_SEARCH_PATHS = "$(inherited) @executable_path/Frameworks @loader_path/Frameworks";
				PRODUCT_BUNDLE_IDENTIFIER = kari.jp.co.hirokiumatani.DateUnixTimeTests;
				PRODUCT_NAME = "$(TARGET_NAME)";
				TEST_HOST = "$(BUILT_PRODUCTS_DIR)/DateUnixTime.app/DateUnixTime";
			};
			name = Debug;
		};
		F463E7E01BFDDB4F007015D2 /* Release */ = {
			isa = XCBuildConfiguration;
			buildSettings = {
				BUNDLE_LOADER = "$(TEST_HOST)";
				INFOPLIST_FILE = DateUnixTimeTests/Info.plist;
				LD_RUNPATH_SEARCH_PATHS = "$(inherited) @executable_path/Frameworks @loader_path/Frameworks";
				PRODUCT_BUNDLE_IDENTIFIER = kari.jp.co.hirokiumatani.DateUnixTimeTests;
				PRODUCT_NAME = "$(TARGET_NAME)";
				TEST_HOST = "$(BUILT_PRODUCTS_DIR)/DateUnixTime.app/DateUnixTime";
			};
			name = Release;
		};
		F463E7E21BFDDB4F007015D2 /* Debug */ = {
			isa = XCBuildConfiguration;
			buildSettings = {
				INFOPLIST_FILE = DateUnixTimeUITests/Info.plist;
				LD_RUNPATH_SEARCH_PATHS = "$(inherited) @executable_path/Frameworks @loader_path/Frameworks";
				PRODUCT_BUNDLE_IDENTIFIER = kari.jp.co.hirokiumatani.DateUnixTimeUITests;
				PRODUCT_NAME = "$(TARGET_NAME)";
				TEST_TARGET_NAME = DateUnixTime;
				USES_XCTRUNNER = YES;
			};
			name = Debug;
		};
		F463E7E31BFDDB4F007015D2 /* Release */ = {
			isa = XCBuildConfiguration;
			buildSettings = {
				INFOPLIST_FILE = DateUnixTimeUITests/Info.plist;
				LD_RUNPATH_SEARCH_PATHS = "$(inherited) @executable_path/Frameworks @loader_path/Frameworks";
				PRODUCT_BUNDLE_IDENTIFIER = kari.jp.co.hirokiumatani.DateUnixTimeUITests;
				PRODUCT_NAME = "$(TARGET_NAME)";
				TEST_TARGET_NAME = DateUnixTime;
				USES_XCTRUNNER = YES;
			};
			name = Release;
		};
/* End XCBuildConfiguration section */

/* Begin XCConfigurationList section */
		F463E7A61BFDDB4F007015D2 /* Build configuration list for PBXProject "DateUnixTime" */ = {
			isa = XCConfigurationList;
			buildConfigurations = (
				F463E7D91BFDDB4F007015D2 /* Debug */,
				F463E7DA1BFDDB4F007015D2 /* Release */,
			);
			defaultConfigurationIsVisible = 0;
			defaultConfigurationName = Release;
		};
		F463E7DB1BFDDB4F007015D2 /* Build configuration list for PBXNativeTarget "DateUnixTime" */ = {
			isa = XCConfigurationList;
			buildConfigurations = (
				F463E7DC1BFDDB4F007015D2 /* Debug */,
				F463E7DD1BFDDB4F007015D2 /* Release */,
			);
			defaultConfigurationIsVisible = 0;
		};
		F463E7DE1BFDDB4F007015D2 /* Build configuration list for PBXNativeTarget "DateUnixTimeTests" */ = {
			isa = XCConfigurationList;
			buildConfigurations = (
				F463E7DF1BFDDB4F007015D2 /* Debug */,
				F463E7E01BFDDB4F007015D2 /* Release */,
			);
			defaultConfigurationIsVisible = 0;
		};
		F463E7E11BFDDB4F007015D2 /* Build configuration list for PBXNativeTarget "DateUnixTimeUITests" */ = {
			isa = XCConfigurationList;
			buildConfigurations = (
				F463E7E21BFDDB4F007015D2 /* Debug */,
				F463E7E31BFDDB4F007015D2 /* Release */,
			);
			defaultConfigurationIsVisible = 0;
		};
/* End XCConfigurationList section */
	};
	rootObject = F463E7A31BFDDB4F007015D2 /* Project object */;
}
